
Microsoft Visual Studio Solution File, Format Version 12.00
# Visual Studio Version 17
VisualStudioVersion = 17.2.32526.322
MinimumVisualStudioVersion = 10.0.40219.1
Project("{FAE04EC0-301F-11D3-BF4B-00C04F79EFBC}") = "HotelListing.API", "HotelListing.API\HotelListing.API.csproj", "{0747DE00-B944-4E08-A58D-EE632E7A2F05}"
EndProject
Global
	GlobalSection(SolutionConfigurationPlatforms) = preSolution
		Debug|Any CPU = Debug|Any CPU
		Release|Any CPU = Release|Any CPU
	EndGlobalSection
	GlobalSection(ProjectConfigurationPlatforms) = postSolution
		{0747DE00-B944-4E08-A58D-EE632E7A2F05}.Debug|Any CPU.ActiveCfg = Debug|Any CPU
		{0747DE00-B944-4E08-A58D-EE632E7A2F05}.Debug|Any CPU.Build.0 = Debug|Any CPU
		{0747DE00-B944-4E08-A58D-EE632E7A2F05}.Release|Any CPU.ActiveCfg = Release|Any CPU
		{0747DE00-B944-4E08-A58D-EE632E7A2F05}.Release|Any CPU.Build.0 = Release|Any CPU
	EndGlobalSection
	GlobalSection(SolutionProperties) = preSolution
		HideSolutionNode = FALSE
	EndGlobalSection
	GlobalSection(ExtensibilityGlobals) = postSolution
		SolutionGuid = {C3F8259B-9B69-4686-B6A7-0FBD67494049}
	EndGlobalSection
EndGlobal
